
Microsoft Visual Studio Solution File, Format Version 12.00
# Visual Studio Version 17
VisualStudioVersion = 17.6.33829.357
MinimumVisualStudioVersion = 10.0.40219.1
Project("{2150E333-8FDC-42A3-9474-1A3956D46DE8}") = "ChainOfResponsibilityDesignPattern", "ChainOfResponsibilityDesignPattern", "{5572E25D-9916-41DD-801E-C1B43926E6FF}"
EndProject
Project("{FAE04EC0-301F-11D3-BF4B-00C04F79EFBC}") = "DesignPattern.ChainOfResponsibility", "ChainOfResponsibilityDesignPattern\DesignPattern.ChainOfResponsibility\DesignPattern.ChainOfResponsibility.csproj", "{AC1269BA-B74C-44CF-85CB-21FB37FFB61A}"
EndProject
Global
	GlobalSection(SolutionConfigurationPlatforms) = preSolution
		Debug|Any CPU = Debug|Any CPU
		Release|Any CPU = Release|Any CPU
	EndGlobalSection
	GlobalSection(ProjectConfigurationPlatforms) = postSolution
		{AC1269BA-B74C-44CF-85CB-21FB37FFB61A}.Debug|Any CPU.ActiveCfg = Debug|Any CPU
		{AC1269BA-B74C-44CF-85CB-21FB37FFB61A}.Debug|Any CPU.Build.0 = Debug|Any CPU
		{AC1269BA-B74C-44CF-85CB-21FB37FFB61A}.Release|Any CPU.ActiveCfg = Release|Any CPU
		{AC1269BA-B74C-44CF-85CB-21FB37FFB61A}.Release|Any CPU.Build.0 = Release|Any CPU
	EndGlobalSection
	GlobalSection(SolutionProperties) = preSolution
		HideSolutionNode = FALSE
	EndGlobalSection
	GlobalSection(NestedProjects) = preSolution
		{AC1269BA-B74C-44CF-85CB-21FB37FFB61A} = {5572E25D-9916-41DD-801E-C1B43926E6FF}
	EndGlobalSection
	GlobalSection(ExtensibilityGlobals) = postSolution
		SolutionGuid = {EBDB7F9F-2FF1-43A7-80A0-C093B956309E}
	EndGlobalSection
EndGlobal
